// !$*UTF8*$!
{
	archiveVersion = 1;
	classes = {
	};
	objectVersion = 46;
	objects = {

/* Begin PBXBuildFile section */
		567DF3EC1C992ECB00FEAC83 /* main.m in Sources */ = {isa = PBXBuildFile; fileRef = 567DF3EB1C992ECB00FEAC83 /* main.m */; };
		567DF3EF1C992ECB00FEAC83 /* AppDelegate.m in Sources */ = {isa = PBXBuildFile; fileRef = 567DF3EE1C992ECB00FEAC83 /* AppDelegate.m */; };
		567DF3F21C992ECB00FEAC83 /* FirstViewController.m in Sources */ = {isa = PBXBuildFile; fileRef = 567DF3F11C992ECB00FEAC83 /* FirstViewController.m */; };
		567DF3F51C992ECB00FEAC83 /* SecondViewController.m in Sources */ = {isa = PBXBuildFile; fileRef = 567DF3F41C992ECB00FEAC83 /* SecondViewController.m */; };
		567DF3F81C992ECB00FEAC83 /* Main.storyboard in Resources */ = {isa = PBXBuildFile; fileRef = 567DF3F61C992ECB00FEAC83 /* Main.storyboard */; };
		567DF3FA1C992ECB00FEAC83 /* Assets.xcassets in Resources */ = {isa = PBXBuildFile; fileRef = 567DF3F91C992ECB00FEAC83 /* Assets.xcassets */; };
		567DF3FD1C992ECB00FEAC83 /* LaunchScreen.storyboard in Resources */ = {isa = PBXBuildFile; fileRef = 567DF3FB1C992ECB00FEAC83 /* LaunchScreen.storyboard */; };
		567DF4081C992ECB00FEAC83 /* WCHTabViewAppTests.m in Sources */ = {isa = PBXBuildFile; fileRef = 567DF4071C992ECB00FEAC83 /* WCHTabViewAppTests.m */; };
/* End PBXBuildFile section */

/* Begin PBXContainerItemProxy section */
		567DF4041C992ECB00FEAC83 /* PBXContainerItemProxy */ = {
			isa = PBXContainerItemProxy;
			containerPortal = 567DF3DF1C992ECB00FEAC83 /* Project object */;
			proxyType = 1;
			remoteGlobalIDString = 567DF3E61C992ECB00FEAC83;
			remoteInfo = WCHTabViewApp;
		};
/* End PBXContainerItemProxy section */

/* Begin PBXFileReference section */
		567DF3E71C992ECB00FEAC83 /* WCHTabViewApp.app */ = {isa = PBXFileReference; explicitFileType = wrapper.application; includeInIndex = 0; path = WCHTabViewApp.app; sourceTree = BUILT_PRODUCTS_DIR; };
		567DF3EB1C992ECB00FEAC83 /* main.m */ = {isa = PBXFileReference; lastKnownFileType = sourcecode.c.objc; path = main.m; sourceTree = "<group>"; };
		567DF3ED1C992ECB00FEAC83 /* AppDelegate.h */ = {isa = PBXFileReference; lastKnownFileType = sourcecode.c.h; path = AppDelegate.h; sourceTree = "<group>"; };
		567DF3EE1C992ECB00FEAC83 /* AppDelegate.m */ = {isa = PBXFileReference; lastKnownFileType = sourcecode.c.objc; path = AppDelegate.m; sourceTree = "<group>"; };
		567DF3F01C992ECB00FEAC83 /* FirstViewController.h */ = {isa = PBXFileReference; lastKnownFileType = sourcecode.c.h; path = FirstViewController.h; sourceTree = "<group>"; };
		567DF3F11C992ECB00FEAC83 /* FirstViewController.m */ = {isa = PBXFileReference; lastKnownFileType = sourcecode.c.objc; path = FirstViewController.m; sourceTree = "<group>"; };
		567DF3F31C992ECB00FEAC83 /* SecondViewController.h */ = {isa = PBXFileReference; lastKnownFileType = sourcecode.c.h; path = SecondViewController.h; sourceTree = "<group>"; };
		567DF3F41C992ECB00FEAC83 /* SecondViewController.m */ = {isa = PBXFileReference; lastKnownFileType = sourcecode.c.objc; path = SecondViewController.m; sourceTree = "<group>"; };
		567DF3F71C992ECB00FEAC83 /* Base */ = {isa = PBXFileReference; lastKnownFileType = file.storyboard; name = Base; path = Base.lproj/Main.storyboard; sourceTree = "<group>"; };
		567DF3F91C992ECB00FEAC83 /* Assets.xcassets */ = {isa = PBXFileReference; lastKnownFileType = folder.assetcatalog; path = Assets.xcassets; sourceTree = "<group>"; };
		567DF3FC1C992ECB00FEAC83 /* Base */ = {isa = PBXFileReference; lastKnownFileType = file.storyboard; name = Base; path = Base.lproj/LaunchScreen.storyboard; sourceTree = "<group>"; };
		567DF3FE1C992ECB00FEAC83 /* Info.plist */ = {isa = PBXFileReference; lastKnownFileType = text.plist.xml; path = Info.plist; sourceTree = "<group>"; };
		567DF4031C992ECB00FEAC83 /* WCHTabViewAppTests.xctest */ = {isa = PBXFileReference; explicitFileType = wrapper.cfbundle; includeInIndex = 0; path = WCHTabViewAppTests.xctest; sourceTree = BUILT_PRODUCTS_DIR; };
		567DF4071C992ECB00FEAC83 /* WCHTabViewAppTests.m */ = {isa = PBXFileReference; lastKnownFileType = sourcecode.c.objc; path = WCHTabViewAppTests.m; sourceTree = "<group>"; };
		567DF4091C992ECB00FEAC83 /* Info.plist */ = {isa = PBXFileReference; lastKnownFileType = text.plist.xml; path = Info.plist; sourceTree = "<group>"; };
/* End PBXFileReference section */

/* Begin PBXFrameworksBuildPhase section */
		567DF3E41C992ECB00FEAC83 /* Frameworks */ = {
			isa = PBXFrameworksBuildPhase;
			buildActionMask = 2147483647;
			files = (
			);
			runOnlyForDeploymentPostprocessing = 0;
		};
		567DF4001C992ECB00FEAC83 /* Frameworks */ = {
			isa = PBXFrameworksBuildPhase;
			buildActionMask = 2147483647;
			files = (
			);
			runOnlyForDeploymentPostprocessing = 0;
		};
/* End PBXFrameworksBuildPhase section */

/* Begin PBXGroup section */
		567DF3DE1C992ECB00FEAC83 = {
			isa = PBXGroup;
			children = (
				567DF3E91C992ECB00FEAC83 /* WCHTabViewApp */,
				567DF4061C992ECB00FEAC83 /* WCHTabViewAppTests */,
				567DF3E81C992ECB00FEAC83 /* Products */,
			);
			sourceTree = "<group>";
		};
		567DF3E81C992ECB00FEAC83 /* Products */ = {
			isa = PBXGroup;
			children = (
				567DF3E71C992ECB00FEAC83 /* WCHTabViewApp.app */,
				567DF4031C992ECB00FEAC83 /* WCHTabViewAppTests.xctest */,
			);
			name = Products;
			sourceTree = "<group>";
		};
		567DF3E91C992ECB00FEAC83 /* WCHTabViewApp */ = {
			isa = PBXGroup;
			children = (
				567DF3ED1C992ECB00FEAC83 /* AppDelegate.h */,
				567DF3EE1C992ECB00FEAC83 /* AppDelegate.m */,
				567DF3F01C992ECB00FEAC83 /* FirstViewController.h */,
				567DF3F11C992ECB00FEAC83 /* FirstViewController.m */,
				567DF3F31C992ECB00FEAC83 /* SecondViewController.h */,
				567DF3F41C992ECB00FEAC83 /* SecondViewController.m */,
				567DF3F61C992ECB00FEAC83 /* Main.storyboard */,
				567DF3F91C992ECB00FEAC83 /* Assets.xcassets */,
				567DF3FB1C992ECB00FEAC83 /* LaunchScreen.storyboard */,
				567DF3FE1C992ECB00FEAC83 /* Info.plist */,
				567DF3EA1C992ECB00FEAC83 /* Supporting Files */,
			);
			path = WCHTabViewApp;
			sourceTree = "<group>";
		};
		567DF3EA1C992ECB00FEAC83 /* Supporting Files */ = {
			isa = PBXGroup;
			children = (
				567DF3EB1C992ECB00FEAC83 /* main.m */,
			);
			name = "Supporting Files";
			sourceTree = "<group>";
		};
		567DF4061C992ECB00FEAC83 /* WCHTabViewAppTests */ = {
			isa = PBXGroup;
			children = (
				567DF4071C992ECB00FEAC83 /* WCHTabViewAppTests.m */,
				567DF4091C992ECB00FEAC83 /* Info.plist */,
			);
			path = WCHTabViewAppTests;
			sourceTree = "<group>";
		};
/* End PBXGroup section */

/* Begin PBXNativeTarget section */
		567DF3E61C992ECB00FEAC83 /* WCHTabViewApp */ = {
			isa = PBXNativeTarget;
			buildConfigurationList = 567DF40C1C992ECB00FEAC83 /* Build configuration list for PBXNativeTarget "WCHTabViewApp" */;
			buildPhases = (
				567DF3E31C992ECB00FEAC83 /* Sources */,
				567DF3E41C992ECB00FEAC83 /* Frameworks */,
				567DF3E51C992ECB00FEAC83 /* Resources */,
			);
			buildRules = (
			);
			dependencies = (
			);
			name = WCHTabViewApp;
			productName = WCHTabViewApp;
			productReference = 567DF3E71C992ECB00FEAC83 /* WCHTabViewApp.app */;
			productType = "com.apple.product-type.application";
		};
		567DF4021C992ECB00FEAC83 /* WCHTabViewAppTests */ = {
			isa = PBXNativeTarget;
			buildConfigurationList = 567DF40F1C992ECB00FEAC83 /* Build configuration list for PBXNativeTarget "WCHTabViewAppTests" */;
			buildPhases = (
				567DF3FF1C992ECB00FEAC83 /* Sources */,
				567DF4001C992ECB00FEAC83 /* Frameworks */,
				567DF4011C992ECB00FEAC83 /* Resources */,
			);
			buildRules = (
			);
			dependencies = (
				567DF4051C992ECB00FEAC83 /* PBXTargetDependency */,
			);
			name = WCHTabViewAppTests;
			productName = WCHTabViewAppTests;
			productReference = 567DF4031C992ECB00FEAC83 /* WCHTabViewAppTests.xctest */;
			productType = "com.apple.product-type.bundle.unit-test";
		};
/* End PBXNativeTarget section */

/* Begin PBXProject section */
		567DF3DF1C992ECB00FEAC83 /* Project object */ = {
			isa = PBXProject;
			attributes = {
				LastUpgradeCheck = 0720;
				ORGANIZATIONNAME = "Hankid Wang";
				TargetAttributes = {
					567DF3E61C992ECB00FEAC83 = {
						CreatedOnToolsVersion = 7.2.1;
						DevelopmentTeam = ELL8H3DJ8K;
					};
					567DF4021C992ECB00FEAC83 = {
						CreatedOnToolsVersion = 7.2.1;
						DevelopmentTeam = ELL8H3DJ8K;
						TestTargetID = 567DF3E61C992ECB00FEAC83;
					};
				};
			};
			buildConfigurationList = 567DF3E21C992ECB00FEAC83 /* Build configuration list for PBXProject "WCHTabViewApp" */;
			compatibilityVersion = "Xcode 3.2";
			developmentRegion = English;
			hasScannedForEncodings = 0;
			knownRegions = (
				en,
				Base,
			);
			mainGroup = 567DF3DE1C992ECB00FEAC83;
			productRefGroup = 567DF3E81C992ECB00FEAC83 /* Products */;
			projectDirPath = "";
			projectRoot = "";
			targets = (
				567DF3E61C992ECB00FEAC83 /* WCHTabViewApp */,
				567DF4021C992ECB00FEAC83 /* WCHTabViewAppTests */,
			);
		};
/* End PBXProject section */

/* Begin PBXResourcesBuildPhase section */
		567DF3E51C992ECB00FEAC83 /* Resources */ = {
			isa = PBXResourcesBuildPhase;
			buildActionMask = 2147483647;
			files = (
				567DF3FD1C992ECB00FEAC83 /* LaunchScreen.storyboard in Resources */,
				567DF3FA1C992ECB00FEAC83 /* Assets.xcassets in Resources */,
				567DF3F81C992ECB00FEAC83 /* Main.storyboard in Resources */,
			);
			runOnlyForDeploymentPostprocessing = 0;
		};
		567DF4011C992ECB00FEAC83 /* Resources */ = {
			isa = PBXResourcesBuildPhase;
			buildActionMask = 2147483647;
			files = (
			);
			runOnlyForDeploymentPostprocessing = 0;
		};
/* End PBXResourcesBuildPhase section */

/* Begin PBXSourcesBuildPhase section */
		567DF3E31C992ECB00FEAC83 /* Sources */ = {
			isa = PBXSourcesBuildPhase;
			buildActionMask = 2147483647;
			files = (
				567DF3F51C992ECB00FEAC83 /* SecondViewController.m in Sources */,
				567DF3EF1C992ECB00FEAC83 /* AppDelegate.m in Sources */,
				567DF3F21C992ECB00FEAC83 /* FirstViewController.m in Sources */,
				567DF3EC1C992ECB00FEAC83 /* main.m in Sources */,
			);
			runOnlyForDeploymentPostprocessing = 0;
		};
		567DF3FF1C992ECB00FEAC83 /* Sources */ = {
			isa = PBXSourcesBuildPhase;
			buildActionMask = 2147483647;
			files = (
				567DF4081C992ECB00FEAC83 /* WCHTabViewAppTests.m in Sources */,
			);
			runOnlyForDeploymentPostprocessing = 0;
		};
/* End PBXSourcesBuildPhase section */

/* Begin PBXTargetDependency section */
		567DF4051C992ECB00FEAC83 /* PBXTargetDependency */ = {
			isa = PBXTargetDependency;
			target = 567DF3E61C992ECB00FEAC83 /* WCHTabViewApp */;
			targetProxy = 567DF4041C992ECB00FEAC83 /* PBXContainerItemProxy */;
		};
/* End PBXTargetDependency section */

/* Begin PBXVariantGroup section */
		567DF3F61C992ECB00FEAC83 /* Main.storyboard */ = {
			isa = PBXVariantGroup;
			children = (
				567DF3F71C992ECB00FEAC83 /* Base */,
			);
			name = Main.storyboard;
			sourceTree = "<group>";
		};
		567DF3FB1C992ECB00FEAC83 /* LaunchScreen.storyboard */ = {
			isa = PBXVariantGroup;
			children = (
				567DF3FC1C992ECB00FEAC83 /* Base */,
			);
			name = LaunchScreen.storyboard;
			sourceTree = "<group>";
		};
/* End PBXVariantGroup section */

/* Begin XCBuildConfiguration section */
		567DF40A1C992ECB00FEAC83 /* Debug */ = {
			isa = XCBuildConfiguration;
			buildSettings = {
				ALWAYS_SEARCH_USER_PATHS = NO;
				CLANG_CXX_LANGUAGE_STANDARD = "gnu++0x";
				CLANG_CXX_LIBRARY = "libc++";
				CLANG_ENABLE_MODULES = YES;
				CLANG_ENABLE_OBJC_ARC = YES;
				CLANG_WARN_BOOL_CONVERSION = YES;
				CLANG_WARN_CONSTANT_CONVERSION = YES;
				CLANG_WARN_DIRECT_OBJC_ISA_USAGE = YES_ERROR;
				CLANG_WARN_EMPTY_BODY = YES;
				CLANG_WARN_ENUM_CONVERSION = YES;
				CLANG_WARN_INT_CONVERSION = YES;
				CLANG_WARN_OBJC_ROOT_CLASS = YES_ERROR;
				CLANG_WARN_UNREACHABLE_CODE = YES;
				CLANG_WARN__DUPLICATE_METHOD_MATCH = YES;
				"CODE_SIGN_IDENTITY[sdk=iphoneos*]" = "iPhone Developer";
				COPY_PHASE_STRIP = NO;
				DEBUG_INFORMATION_FORMAT = dwarf;
				ENABLE_STRICT_OBJC_MSGSEND = YES;
				ENABLE_TESTABILITY = YES;
				GCC_C_LANGUAGE_STANDARD = gnu99;
				GCC_DYNAMIC_NO_PIC = NO;
				GCC_NO_COMMON_BLOCKS = YES;
				GCC_OPTIMIZATION_LEVEL = 0;
				GCC_PREPROCESSOR_DEFINITIONS = (
					"DEBUG=1",
					"$(inherited)",
				);
				GCC_WARN_64_TO_32_BIT_CONVERSION = YES;
				GCC_WARN_ABOUT_RETURN_TYPE = YES_ERROR;
				GCC_WARN_UNDECLARED_SELECTOR = YES;
				GCC_WARN_UNINITIALIZED_AUTOS = YES_AGGRESSIVE;
				GCC_WARN_UNUSED_FUNCTION = YES;
				GCC_WARN_UNUSED_VARIABLE = YES;
				IPHONEOS_DEPLOYMENT_TARGET = 9.2;
				MTL_ENABLE_DEBUG_INFO = YES;
				ONLY_ACTIVE_ARCH = YES;
				SDKROOT = iphoneos;
				TARGETED_DEVICE_FAMILY = "1,2";
			};
			name = Debug;
		};
		567DF40B1C992ECB00FEAC83 /* Release */ = {
			isa = XCBuildConfiguration;
			buildSettings = {
				ALWAYS_SEARCH_USER_PATHS = NO;
				CLANG_CXX_LANGUAGE_STANDARD = "gnu++0x";
				CLANG_CXX_LIBRARY = "libc++";
				CLANG_ENABLE_MODULES = YES;
				CLANG_ENABLE_OBJC_ARC = YES;
				CLANG_WARN_BOOL_CONVERSION = YES;
				CLANG_WARN_CONSTANT_CONVERSION = YES;
				CLANG_WARN_DIRECT_OBJC_ISA_USAGE = YES_ERROR;
				CLANG_WARN_EMPTY_BODY = YES;
				CLANG_WARN_ENUM_CONVERSION = YES;
				CLANG_WARN_INT_CONVERSION = YES;
				CLANG_WARN_OBJC_ROOT_CLASS = YES_ERROR;
				CLANG_WARN_UNREACHABLE_CODE = YES;
				CLANG_WARN__DUPLICATE_METHOD_MATCH = YES;
				"CODE_SIGN_IDENTITY[sdk=iphoneos*]" = "iPhone Developer";
				COPY_PHASE_STRIP = NO;
				DEBUG_INFORMATION_FORMAT = "dwarf-with-dsym";
				ENABLE_NS_ASSERTIONS = NO;
				ENABLE_STRICT_OBJC_MSGSEND = YES;
				GCC_C_LANGUAGE_STANDARD = gnu99;
				GCC_NO_COMMON_BLOCKS = YES;
				GCC_WARN_64_TO_32_BIT_CONVERSION = YES;
				GCC_WARN_ABOUT_RETURN_TYPE = YES_ERROR;
				GCC_WARN_UNDECLARED_SELECTOR = YES;
				GCC_WARN_UNINITIALIZED_AUTOS = YES_AGGRESSIVE;
				GCC_WARN_UNUSED_FUNCTION = YES;
				GCC_WARN_UNUSED_VARIABLE = YES;
				IPHONEOS_DEPLOYMENT_TARGET = 9.2;
				MTL_ENABLE_DEBUG_INFO = NO;
				SDKROOT = iphoneos;
				TARGETED_DEVICE_FAMILY = "1,2";
				VALIDATE_PRODUCT = YES;
			};
			name = Release;
		};
		567DF40D1C992ECB00FEAC83 /* Debug */ = {
			isa = XCBuildConfiguration;
			buildSettings = {
				ASSETCATALOG_COMPILER_APPICON_NAME = AppIcon;
				INFOPLIST_FILE = WCHTabViewApp/Info.plist;
				LD_RUNPATH_SEARCH_PATHS = "$(inherited) @executable_path/Frameworks";
				PRODUCT_BUNDLE_IDENTIFIER = com.WCHTabViewApp;
				PRODUCT_NAME = "$(TARGET_NAME)";
			};
			name = Debug;
		};
		567DF40E1C992ECB00FEAC83 /* Release */ = {
			isa = XCBuildConfiguration;
			buildSettings = {
				ASSETCATALOG_COMPILER_APPICON_NAME = AppIcon;
				INFOPLIST_FILE = WCHTabViewApp/Info.plist;
				LD_RUNPATH_SEARCH_PATHS = "$(inherited) @executable_path/Frameworks";
				PRODUCT_BUNDLE_IDENTIFIER = com.WCHTabViewApp;
				PRODUCT_NAME = "$(TARGET_NAME)";
			};
			name = Release;
		};
		567DF4101C992ECB00FEAC83 /* Debug */ = {
			isa = XCBuildConfiguration;
			buildSettings = {
				BUNDLE_LOADER = "$(TEST_HOST)";
				INFOPLIST_FILE = WCHTabViewAppTests/Info.plist;
				LD_RUNPATH_SEARCH_PATHS = "$(inherited) @executable_path/Frameworks @loader_path/Frameworks";
				PRODUCT_BUNDLE_IDENTIFIER = com.WCHTabViewAppTests;
				PRODUCT_NAME = "$(TARGET_NAME)";
				TEST_HOST = "$(BUILT_PRODUCTS_DIR)/WCHTabViewApp.app/WCHTabViewApp";
			};
			name = Debug;
		};
		567DF4111C992ECB00FEAC83 /* Release */ = {
			isa = XCBuildConfiguration;
			buildSettings = {
				BUNDLE_LOADER = "$(TEST_HOST)";
				INFOPLIST_FILE = WCHTabViewAppTests/Info.plist;
				LD_RUNPATH_SEARCH_PATHS = "$(inherited) @executable_path/Frameworks @loader_path/Frameworks";
				PRODUCT_BUNDLE_IDENTIFIER = com.WCHTabViewAppTests;
				PRODUCT_NAME = "$(TARGET_NAME)";
				TEST_HOST = "$(BUILT_PRODUCTS_DIR)/WCHTabViewApp.app/WCHTabViewApp";
			};
			name = Release;
		};
/* End XCBuildConfiguration section */

/* Begin XCConfigurationList section */
		567DF3E21C992ECB00FEAC83 /* Build configuration list for PBXProject "WCHTabViewApp" */ = {
			isa = XCConfigurationList;
			buildConfigurations = (
				567DF40A1C992ECB00FEAC83 /* Debug */,
				567DF40B1C992ECB00FEAC83 /* Release */,
			);
			defaultConfigurationIsVisible = 0;
			defaultConfigurationName = Release;
		};
		567DF40C1C992ECB00FEAC83 /* Build configuration list for PBXNativeTarget "WCHTabViewApp" */ = {
			isa = XCConfigurationList;
			buildConfigurations = (
				567DF40D1C992ECB00FEAC83 /* Debug */,
				567DF40E1C992ECB00FEAC83 /* Release */,
			);
			defaultConfigurationIsVisible = 0;
		};
		567DF40F1C992ECB00FEAC83 /* Build configuration list for PBXNativeTarget "WCHTabViewAppTests" */ = {
			isa = XCConfigurationList;
			buildConfigurations = (
				567DF4101C992ECB00FEAC83 /* Debug */,
				567DF4111C992ECB00FEAC83 /* Release */,
			);
			defaultConfigurationIsVisible = 0;
		};
/* End XCConfigurationList section */
	};
	rootObject = 567DF3DF1C992ECB00FEAC83 /* Project object */;
}
